
Microsoft Visual Studio Solution File, Format Version 12.00
# Visual Studio 15
Project("{FAE04EC0-301F-11D3-BF4B-00C04F79EFBC}") = "Maravilhoso.Android", "Maravilhoso.Android\Maravilhoso.Android.csproj", "{2BB79069-2BDB-42BE-8D2D-2C3BBB75D431}"
EndProject
Project("{FAE04EC0-301F-11D3-BF4B-00C04F79EFBC}") = "Maravilhoso.iOS", "Maravilhoso.iOS\Maravilhoso.iOS.csproj", "{84631DC2-EDAE-4F46-AC64-30671EDA45B8}"
EndProject
Project("{FAE04EC0-301F-11D3-BF4B-00C04F79EFBC}") = "Maravilhoso", "Maravilhoso\Maravilhoso.csproj", "{4EF53908-C887-48F0-BFFA-777FD3EDABF1}"
EndProject
Global
	GlobalSection(SolutionConfigurationPlatforms) = preSolution
		Debug|Any CPU = Debug|Any CPU
		Release|Any CPU = Release|Any CPU
		Debug|iPhoneSimulator = Debug|iPhoneSimulator
		Release|iPhoneSimulator = Release|iPhoneSimulator
		Debug|iPhone = Debug|iPhone
		Release|iPhone = Release|iPhone
		Ad-Hoc|iPhone = Ad-Hoc|iPhone
		AppStore|iPhone = AppStore|iPhone
	EndGlobalSection
	GlobalSection(ProjectConfigurationPlatforms) = postSolution
		{2BB79069-2BDB-42BE-8D2D-2C3BBB75D431}.Debug|Any CPU.ActiveCfg = Debug|Any CPU
		{2BB79069-2BDB-42BE-8D2D-2C3BBB75D431}.Debug|Any CPU.Build.0 = Debug|Any CPU
		{2BB79069-2BDB-42BE-8D2D-2C3BBB75D431}.Release|Any CPU.ActiveCfg = Release|Any CPU
		{2BB79069-2BDB-42BE-8D2D-2C3BBB75D431}.Release|Any CPU.Build.0 = Release|Any CPU
		{2BB79069-2BDB-42BE-8D2D-2C3BBB75D431}.Debug|iPhoneSimulator.ActiveCfg = Debug|Any CPU
		{2BB79069-2BDB-42BE-8D2D-2C3BBB75D431}.Debug|iPhoneSimulator.Build.0 = Debug|Any CPU
		{2BB79069-2BDB-42BE-8D2D-2C3BBB75D431}.Release|iPhoneSimulator.ActiveCfg = Release|Any CPU
		{2BB79069-2BDB-42BE-8D2D-2C3BBB75D431}.Release|iPhoneSimulator.Build.0 = Release|Any CPU
		{2BB79069-2BDB-42BE-8D2D-2C3BBB75D431}.Debug|iPhone.ActiveCfg = Debug|Any CPU
		{2BB79069-2BDB-42BE-8D2D-2C3BBB75D431}.Debug|iPhone.Build.0 = Debug|Any CPU
		{2BB79069-2BDB-42BE-8D2D-2C3BBB75D431}.Release|iPhone.ActiveCfg = Release|Any CPU
		{2BB79069-2BDB-42BE-8D2D-2C3BBB75D431}.Release|iPhone.Build.0 = Release|Any CPU
		{2BB79069-2BDB-42BE-8D2D-2C3BBB75D431}.Ad-Hoc|iPhone.ActiveCfg = Debug|Any CPU
		{2BB79069-2BDB-42BE-8D2D-2C3BBB75D431}.Ad-Hoc|iPhone.Build.0 = Debug|Any CPU
		{2BB79069-2BDB-42BE-8D2D-2C3BBB75D431}.AppStore|iPhone.ActiveCfg = Debug|Any CPU
		{2BB79069-2BDB-42BE-8D2D-2C3BBB75D431}.AppStore|iPhone.Build.0 = Debug|Any CPU
		{84631DC2-EDAE-4F46-AC64-30671EDA45B8}.Debug|Any CPU.ActiveCfg = Debug|iPhoneSimulator
		{84631DC2-EDAE-4F46-AC64-30671EDA45B8}.Debug|Any CPU.Build.0 = Debug|iPhoneSimulator
		{84631DC2-EDAE-4F46-AC64-30671EDA45B8}.Release|Any CPU.ActiveCfg = Release|iPhoneSimulator
		{84631DC2-EDAE-4F46-AC64-30671EDA45B8}.Release|Any CPU.Build.0 = Release|iPhoneSimulator
		{84631DC2-EDAE-4F46-AC64-30671EDA45B8}.Debug|iPhoneSimulator.ActiveCfg = Debug|iPhoneSimulator
		{84631DC2-EDAE-4F46-AC64-30671EDA45B8}.Debug|iPhoneSimulator.Build.0 = Debug|iPhoneSimulator
		{84631DC2-EDAE-4F46-AC64-30671EDA45B8}.Release|iPhoneSimulator.ActiveCfg = Release|iPhoneSimulator
		{84631DC2-EDAE-4F46-AC64-30671EDA45B8}.Release|iPhoneSimulator.Build.0 = Release|iPhoneSimulator
		{84631DC2-EDAE-4F46-AC64-30671EDA45B8}.Debug|iPhone.ActiveCfg = Debug|iPhone
		{84631DC2-EDAE-4F46-AC64-30671EDA45B8}.Debug|iPhone.Build.0 = Debug|iPhone
		{84631DC2-EDAE-4F46-AC64-30671EDA45B8}.Release|iPhone.ActiveCfg = Release|iPhone
		{84631DC2-EDAE-4F46-AC64-30671EDA45B8}.Release|iPhone.Build.0 = Release|iPhone
		{84631DC2-EDAE-4F46-AC64-30671EDA45B8}.Ad-Hoc|iPhone.ActiveCfg = Ad-Hoc|iPhone
		{84631DC2-EDAE-4F46-AC64-30671EDA45B8}.Ad-Hoc|iPhone.Build.0 = Ad-Hoc|iPhone
		{84631DC2-EDAE-4F46-AC64-30671EDA45B8}.AppStore|iPhone.ActiveCfg = AppStore|iPhone
		{84631DC2-EDAE-4F46-AC64-30671EDA45B8}.AppStore|iPhone.Build.0 = AppStore|iPhone
		{4EF53908-C887-48F0-BFFA-777FD3EDABF1}.Debug|Any CPU.ActiveCfg = Debug|Any CPU
		{4EF53908-C887-48F0-BFFA-777FD3EDABF1}.Debug|Any CPU.Build.0 = Debug|Any CPU
		{4EF53908-C887-48F0-BFFA-777FD3EDABF1}.Release|Any CPU.ActiveCfg = Release|Any CPU
		{4EF53908-C887-48F0-BFFA-777FD3EDABF1}.Release|Any CPU.Build.0 = Release|Any CPU
		{4EF53908-C887-48F0-BFFA-777FD3EDABF1}.Debug|iPhoneSimulator.ActiveCfg = Debug|Any CPU
		{4EF53908-C887-48F0-BFFA-777FD3EDABF1}.Debug|iPhoneSimulator.Build.0 = Debug|Any CPU
		{4EF53908-C887-48F0-BFFA-777FD3EDABF1}.Release|iPhoneSimulator.ActiveCfg = Release|Any CPU
		{4EF53908-C887-48F0-BFFA-777FD3EDABF1}.Release|iPhoneSimulator.Build.0 = Release|Any CPU
		{4EF53908-C887-48F0-BFFA-777FD3EDABF1}.Debug|iPhone.ActiveCfg = Debug|Any CPU
		{4EF53908-C887-48F0-BFFA-777FD3EDABF1}.Debug|iPhone.Build.0 = Debug|Any CPU
		{4EF53908-C887-48F0-BFFA-777FD3EDABF1}.Release|iPhone.ActiveCfg = Release|Any CPU
		{4EF53908-C887-48F0-BFFA-777FD3EDABF1}.Release|iPhone.Build.0 = Release|Any CPU
		{4EF53908-C887-48F0-BFFA-777FD3EDABF1}.Ad-Hoc|iPhone.ActiveCfg = Debug|Any CPU
		{4EF53908-C887-48F0-BFFA-777FD3EDABF1}.Ad-Hoc|iPhone.Build.0 = Debug|Any CPU
		{4EF53908-C887-48F0-BFFA-777FD3EDABF1}.AppStore|iPhone.ActiveCfg = Debug|Any CPU
		{4EF53908-C887-48F0-BFFA-777FD3EDABF1}.AppStore|iPhone.Build.0 = Debug|Any CPU
	EndGlobalSection
EndGlobal
